
Microsoft Visual Studio Solution File, Format Version 12.00
# Visual Studio 15
VisualStudioVersion = 15.0.28307.329
MinimumVisualStudioVersion = 10.0.40219.1
Project("{FAE04EC0-301F-11D3-BF4B-00C04F79EFBC}") = "PooVueling", "PooVueling\PooVueling.csproj", "{A46AF4C9-6B62-4FCF-92F9-AAD544874FC6}"
EndProject
Project("{2150E333-8FDC-42A3-9474-1A3956D46DE8}") = "PresentationTier", "PresentationTier", "{89F6DF3F-B340-4F8A-ADEF-1293306C6C8A}"
EndProject
Project("{FAE04EC0-301F-11D3-BF4B-00C04F79EFBC}") = "PooVuelingTests", "PooVuelingTests\PooVuelingTests.csproj", "{FFFDC272-0C49-4B91-B70F-40B0D9489B77}"
EndProject
Project("{FAE04EC0-301F-11D3-BF4B-00C04F79EFBC}") = "PooVueling.NunitV.Integration.Tests", "PooVueling.NunitV.Integration.Tests\PooVueling.NunitV.Integration.Tests.csproj", "{E2702D2C-7000-4CFC-879D-9B0DE7ED88FE}"
EndProject
Project("{FAE04EC0-301F-11D3-BF4B-00C04F79EFBC}") = "PooVueling.Unit.Tests", "PooVueling.Unit.Tests\PooVueling.Unit.Tests.csproj", "{55720205-A511-42F1-9282-960B833EA720}"
EndProject
Project("{FAE04EC0-301F-11D3-BF4B-00C04F79EFBC}") = "PooVueling.Specs", "PooVueling.Specs\PooVueling.Specs.csproj", "{FD276DF6-820C-4FA9-8376-EB67A1145690}"
EndProject
Global
	GlobalSection(SolutionConfigurationPlatforms) = preSolution
		Debug|Any CPU = Debug|Any CPU
		Release|Any CPU = Release|Any CPU
	EndGlobalSection
	GlobalSection(ProjectConfigurationPlatforms) = postSolution
		{A46AF4C9-6B62-4FCF-92F9-AAD544874FC6}.Debug|Any CPU.ActiveCfg = Debug|Any CPU
		{A46AF4C9-6B62-4FCF-92F9-AAD544874FC6}.Debug|Any CPU.Build.0 = Debug|Any CPU
		{A46AF4C9-6B62-4FCF-92F9-AAD544874FC6}.Release|Any CPU.ActiveCfg = Release|Any CPU
		{A46AF4C9-6B62-4FCF-92F9-AAD544874FC6}.Release|Any CPU.Build.0 = Release|Any CPU
		{FFFDC272-0C49-4B91-B70F-40B0D9489B77}.Debug|Any CPU.ActiveCfg = Debug|Any CPU
		{FFFDC272-0C49-4B91-B70F-40B0D9489B77}.Debug|Any CPU.Build.0 = Debug|Any CPU
		{FFFDC272-0C49-4B91-B70F-40B0D9489B77}.Release|Any CPU.ActiveCfg = Release|Any CPU
		{FFFDC272-0C49-4B91-B70F-40B0D9489B77}.Release|Any CPU.Build.0 = Release|Any CPU
		{E2702D2C-7000-4CFC-879D-9B0DE7ED88FE}.Debug|Any CPU.ActiveCfg = Debug|Any CPU
		{E2702D2C-7000-4CFC-879D-9B0DE7ED88FE}.Debug|Any CPU.Build.0 = Debug|Any CPU
		{E2702D2C-7000-4CFC-879D-9B0DE7ED88FE}.Release|Any CPU.ActiveCfg = Release|Any CPU
		{E2702D2C-7000-4CFC-879D-9B0DE7ED88FE}.Release|Any CPU.Build.0 = Release|Any CPU
		{55720205-A511-42F1-9282-960B833EA720}.Debug|Any CPU.ActiveCfg = Debug|Any CPU
		{55720205-A511-42F1-9282-960B833EA720}.Debug|Any CPU.Build.0 = Debug|Any CPU
		{55720205-A511-42F1-9282-960B833EA720}.Release|Any CPU.ActiveCfg = Release|Any CPU
		{55720205-A511-42F1-9282-960B833EA720}.Release|Any CPU.Build.0 = Release|Any CPU
		{FD276DF6-820C-4FA9-8376-EB67A1145690}.Debug|Any CPU.ActiveCfg = Debug|Any CPU
		{FD276DF6-820C-4FA9-8376-EB67A1145690}.Debug|Any CPU.Build.0 = Debug|Any CPU
		{FD276DF6-820C-4FA9-8376-EB67A1145690}.Release|Any CPU.ActiveCfg = Release|Any CPU
		{FD276DF6-820C-4FA9-8376-EB67A1145690}.Release|Any CPU.Build.0 = Release|Any CPU
	EndGlobalSection
	GlobalSection(SolutionProperties) = preSolution
		HideSolutionNode = FALSE
	EndGlobalSection
	GlobalSection(NestedProjects) = preSolution
		{A46AF4C9-6B62-4FCF-92F9-AAD544874FC6} = {89F6DF3F-B340-4F8A-ADEF-1293306C6C8A}
		{FFFDC272-0C49-4B91-B70F-40B0D9489B77} = {89F6DF3F-B340-4F8A-ADEF-1293306C6C8A}
		{E2702D2C-7000-4CFC-879D-9B0DE7ED88FE} = {89F6DF3F-B340-4F8A-ADEF-1293306C6C8A}
		{55720205-A511-42F1-9282-960B833EA720} = {89F6DF3F-B340-4F8A-ADEF-1293306C6C8A}
		{FD276DF6-820C-4FA9-8376-EB67A1145690} = {89F6DF3F-B340-4F8A-ADEF-1293306C6C8A}
	EndGlobalSection
	GlobalSection(ExtensibilityGlobals) = postSolution
		SolutionGuid = {D7CD51A2-7728-40E6-A442-C4CCF9A3F8E6}
	EndGlobalSection
EndGlobal
